// !$*UTF8*$!
{
	archiveVersion = 1;
	classes = {
	};
	objectVersion = 56;
	objects = {

/* Begin PBXBuildFile section */
		F1000001 /* ThingsCloneApp.swift in Sources */ = {isa = PBXBuildFile; fileRef = F2000001 /* ThingsCloneApp.swift */; };
		F1000002 /* ContentView.swift in Sources */ = {isa = PBXBuildFile; fileRef = F2000002 /* ContentView.swift */; };
		F1000003 /* Assets.xcassets in Resources */ = {isa = PBXBuildFile; fileRef = F2000003 /* Assets.xcassets */; };
		F1000010 /* PersistenceController.swift in Sources */ = {isa = PBXBuildFile; fileRef = F2000010 /* PersistenceController.swift */; };
		F1000011 /* Task+CoreDataClass.swift in Sources */ = {isa = PBXBuildFile; fileRef = F2000011 /* Task+CoreDataClass.swift */; };
		F1000012 /* Task+CoreDataProperties.swift in Sources */ = {isa = PBXBuildFile; fileRef = F2000012 /* Task+CoreDataProperties.swift */; };
		F1000013 /* Project+CoreDataClass.swift in Sources */ = {isa = PBXBuildFile; fileRef = F2000013 /* Project+CoreDataClass.swift */; };
		F1000014 /* Project+CoreDataProperties.swift in Sources */ = {isa = PBXBuildFile; fileRef = F2000014 /* Project+CoreDataProperties.swift */; };
		F1000015 /* Area+CoreDataClass.swift in Sources */ = {isa = PBXBuildFile; fileRef = F2000015 /* Area+CoreDataClass.swift */; };
		F1000016 /* Area+CoreDataProperties.swift in Sources */ = {isa = PBXBuildFile; fileRef = F2000016 /* Area+CoreDataProperties.swift */; };
		F1000017 /* Tag+CoreDataClass.swift in Sources */ = {isa = PBXBuildFile; fileRef = F2000017 /* Tag+CoreDataClass.swift */; };
		F1000018 /* Tag+CoreDataProperties.swift in Sources */ = {isa = PBXBuildFile; fileRef = F2000018 /* Tag+CoreDataProperties.swift */; };
		F1000019 /* Heading+CoreDataClass.swift in Sources */ = {isa = PBXBuildFile; fileRef = F2000019 /* Heading+CoreDataClass.swift */; };
		F1000020 /* Heading+CoreDataProperties.swift in Sources */ = {isa = PBXBuildFile; fileRef = F2000020 /* Heading+CoreDataProperties.swift */; };
		F1000021 /* ChecklistItem+CoreDataClass.swift in Sources */ = {isa = PBXBuildFile; fileRef = F2000021 /* ChecklistItem+CoreDataClass.swift */; };
		F1000022 /* ChecklistItem+CoreDataProperties.swift in Sources */ = {isa = PBXBuildFile; fileRef = F2000022 /* ChecklistItem+CoreDataProperties.swift */; };
		F1000030 /* TaskViewModel.swift in Sources */ = {isa = PBXBuildFile; fileRef = F2000030 /* TaskViewModel.swift */; };
		F1000031 /* ProjectViewModel.swift in Sources */ = {isa = PBXBuildFile; fileRef = F2000031 /* ProjectViewModel.swift */; };
		F1000040 /* InboxView.swift in Sources */ = {isa = PBXBuildFile; fileRef = F2000040 /* InboxView.swift */; };
		F1000041 /* TodayView.swift in Sources */ = {isa = PBXBuildFile; fileRef = F2000041 /* TodayView.swift */; };
		F1000042 /* UpcomingView.swift in Sources */ = {isa = PBXBuildFile; fileRef = F2000042 /* UpcomingView.swift */; };
		F1000043 /* AnytimeView.swift in Sources */ = {isa = PBXBuildFile; fileRef = F2000043 /* AnytimeView.swift */; };
		F1000044 /* SomedayView.swift in Sources */ = {isa = PBXBuildFile; fileRef = F2000044 /* SomedayView.swift */; };
		F1000045 /* LogbookView.swift in Sources */ = {isa = PBXBuildFile; fileRef = F2000045 /* LogbookView.swift */; };
		F1000046 /* TaskRow.swift in Sources */ = {isa = PBXBuildFile; fileRef = F2000046 /* TaskRow.swift */; };
		F1000047 /* TaskEditView.swift in Sources */ = {isa = PBXBuildFile; fileRef = F2000047 /* TaskEditView.swift */; };
		F1000048 /* TaskDetailView.swift in Sources */ = {isa = PBXBuildFile; fileRef = F2000048 /* TaskDetailView.swift */; };
		F1000049 /* ProjectsListView.swift in Sources */ = {isa = PBXBuildFile; fileRef = F2000049 /* ProjectsListView.swift */; };
		F1000050 /* ProjectDetailView.swift in Sources */ = {isa = PBXBuildFile; fileRef = F2000050 /* ProjectDetailView.swift */; };
		F1000051 /* TagsView.swift in Sources */ = {isa = PBXBuildFile; fileRef = F2000051 /* TagsView.swift */; };
		F1000052 /* SearchView.swift in Sources */ = {isa = PBXBuildFile; fileRef = F2000052 /* SearchView.swift */; };
		F1000053 /* SettingsView.swift in Sources */ = {isa = PBXBuildFile; fileRef = F2000053 /* SettingsView.swift */; };
		F1000060 /* AnimationHelpers.swift in Sources */ = {isa = PBXBuildFile; fileRef = F2000060 /* AnimationHelpers.swift */; };
		F1000070 /* TaskModel.xcdatamodeld in Sources */ = {isa = PBXBuildFile; fileRef = F2000070 /* TaskModel.xcdatamodeld */; };
/* End PBXBuildFile section */

/* Begin PBXFileReference section */
		F0000001 /* ThingsClone.app */ = {isa = PBXFileReference; explicitFileType = wrapper.application; includeInIndex = 0; path = ThingsClone.app; sourceTree = BUILT_PRODUCTS_DIR; };
		F2000001 /* ThingsCloneApp.swift */ = {isa = PBXFileReference; lastKnownFileType = sourcecode.swift; path = ThingsCloneApp.swift; sourceTree = "<group>"; };
		F2000002 /* ContentView.swift */ = {isa = PBXFileReference; lastKnownFileType = sourcecode.swift; path = ContentView.swift; sourceTree = "<group>"; };
		F2000003 /* Assets.xcassets */ = {isa = PBXFileReference; lastKnownFileType = folder.assetcatalog; path = Assets.xcassets; sourceTree = "<group>"; };
		F2000010 /* PersistenceController.swift */ = {isa = PBXFileReference; lastKnownFileType = sourcecode.swift; path = PersistenceController.swift; sourceTree = "<group>"; };
		F2000011 /* Task+CoreDataClass.swift */ = {isa = PBXFileReference; lastKnownFileType = sourcecode.swift; path = "Task+CoreDataClass.swift"; sourceTree = "<group>"; };
		F2000012 /* Task+CoreDataProperties.swift */ = {isa = PBXFileReference; lastKnownFileType = sourcecode.swift; path = "Task+CoreDataProperties.swift"; sourceTree = "<group>"; };
		F2000013 /* Project+CoreDataClass.swift */ = {isa = PBXFileReference; lastKnownFileType = sourcecode.swift; path = "Project+CoreDataClass.swift"; sourceTree = "<group>"; };
		F2000014 /* Project+CoreDataProperties.swift */ = {isa = PBXFileReference; lastKnownFileType = sourcecode.swift; path = "Project+CoreDataProperties.swift"; sourceTree = "<group>"; };
		F2000015 /* Area+CoreDataClass.swift */ = {isa = PBXFileReference; lastKnownFileType = sourcecode.swift; path = "Area+CoreDataClass.swift"; sourceTree = "<group>"; };
		F2000016 /* Area+CoreDataProperties.swift */ = {isa = PBXFileReference; lastKnownFileType = sourcecode.swift; path = "Area+CoreDataProperties.swift"; sourceTree = "<group>"; };
		F2000017 /* Tag+CoreDataClass.swift */ = {isa = PBXFileReference; lastKnownFileType = sourcecode.swift; path = "Tag+CoreDataClass.swift"; sourceTree = "<group>"; };
		F2000018 /* Tag+CoreDataProperties.swift */ = {isa = PBXFileReference; lastKnownFileType = sourcecode.swift; path = "Tag+CoreDataProperties.swift"; sourceTree = "<group>"; };
		F2000019 /* Heading+CoreDataClass.swift */ = {isa = PBXFileReference; lastKnownFileType = sourcecode.swift; path = "Heading+CoreDataClass.swift"; sourceTree = "<group>"; };
		F2000020 /* Heading+CoreDataProperties.swift */ = {isa = PBXFileReference; lastKnownFileType = sourcecode.swift; path = "Heading+CoreDataProperties.swift"; sourceTree = "<group>"; };
		F2000021 /* ChecklistItem+CoreDataClass.swift */ = {isa = PBXFileReference; lastKnownFileType = sourcecode.swift; path = "ChecklistItem+CoreDataClass.swift"; sourceTree = "<group>"; };
		F2000022 /* ChecklistItem+CoreDataProperties.swift */ = {isa = PBXFileReference; lastKnownFileType = sourcecode.swift; path = "ChecklistItem+CoreDataProperties.swift"; sourceTree = "<group>"; };
		F2000030 /* TaskViewModel.swift */ = {isa = PBXFileReference; lastKnownFileType = sourcecode.swift; path = TaskViewModel.swift; sourceTree = "<group>"; };
		F2000031 /* ProjectViewModel.swift */ = {isa = PBXFileReference; lastKnownFileType = sourcecode.swift; path = ProjectViewModel.swift; sourceTree = "<group>"; };
		F2000040 /* InboxView.swift */ = {isa = PBXFileReference; lastKnownFileType = sourcecode.swift; path = InboxView.swift; sourceTree = "<group>"; };
		F2000041 /* TodayView.swift */ = {isa = PBXFileReference; lastKnownFileType = sourcecode.swift; path = TodayView.swift; sourceTree = "<group>"; };
		F2000042 /* UpcomingView.swift */ = {isa = PBXFileReference; lastKnownFileType = sourcecode.swift; path = UpcomingView.swift; sourceTree = "<group>"; };
		F2000043 /* AnytimeView.swift */ = {isa = PBXFileReference; lastKnownFileType = sourcecode.swift; path = AnytimeView.swift; sourceTree = "<group>"; };
		F2000044 /* SomedayView.swift */ = {isa = PBXFileReference; lastKnownFileType = sourcecode.swift; path = SomedayView.swift; sourceTree = "<group>"; };
		F2000045 /* LogbookView.swift */ = {isa = PBXFileReference; lastKnownFileType = sourcecode.swift; path = LogbookView.swift; sourceTree = "<group>"; };
		F2000046 /* TaskRow.swift */ = {isa = PBXFileReference; lastKnownFileType = sourcecode.swift; path = TaskRow.swift; sourceTree = "<group>"; };
		F2000047 /* TaskEditView.swift */ = {isa = PBXFileReference; lastKnownFileType = sourcecode.swift; path = TaskEditView.swift; sourceTree = "<group>"; };
		F2000048 /* TaskDetailView.swift */ = {isa = PBXFileReference; lastKnownFileType = sourcecode.swift; path = TaskDetailView.swift; sourceTree = "<group>"; };
		F2000049 /* ProjectsListView.swift */ = {isa = PBXFileReference; lastKnownFileType = sourcecode.swift; path = ProjectsListView.swift; sourceTree = "<group>"; };
		F2000050 /* ProjectDetailView.swift */ = {isa = PBXFileReference; lastKnownFileType = sourcecode.swift; path = ProjectDetailView.swift; sourceTree = "<group>"; };
		F2000051 /* TagsView.swift */ = {isa = PBXFileReference; lastKnownFileType = sourcecode.swift; path = TagsView.swift; sourceTree = "<group>"; };
		F2000052 /* SearchView.swift */ = {isa = PBXFileReference; lastKnownFileType = sourcecode.swift; path = SearchView.swift; sourceTree = "<group>"; };
		F2000053 /* SettingsView.swift */ = {isa = PBXFileReference; lastKnownFileType = sourcecode.swift; path = SettingsView.swift; sourceTree = "<group>"; };
		F2000060 /* AnimationHelpers.swift */ = {isa = PBXFileReference; lastKnownFileType = sourcecode.swift; path = AnimationHelpers.swift; sourceTree = "<group>"; };
		F2000070 /* TaskModel.xcdatamodel */ = {isa = PBXFileReference; lastKnownFileType = wrapper.xcdatamodel; path = TaskModel.xcdatamodel; sourceTree = "<group>"; };
/* End PBXFileReference section */

/* Begin PBXFrameworksBuildPhase section */
		F0000002 /* Frameworks */ = {
			isa = PBXFrameworksBuildPhase;
			buildActionMask = 2147483647;
			files = (
			);
			runOnlyForDeploymentPostprocessing = 0;
		};
/* End PBXFrameworksBuildPhase section */

/* Begin PBXGroup section */
		F3000000 = {
			isa = PBXGroup;
			children = (
				F3000001 /* ThingsClone */,
				F3000002 /* Products */,
			);
			sourceTree = "<group>";
		};
		F3000001 /* ThingsClone */ = {
			isa = PBXGroup;
			children = (
				F2000001 /* ThingsCloneApp.swift */,
				F2000002 /* ContentView.swift */,
				F3000010 /* CoreData */,
				F3000020 /* ViewModels */,
				F3000030 /* Views */,
				F3000040 /* Utilities */,
				F2000003 /* Assets.xcassets */,
			);
			path = ThingsClone;
			sourceTree = "<group>";
		};
		F3000002 /* Products */ = {
			isa = PBXGroup;
			children = (
				F0000001 /* ThingsClone.app */,
			);
			name = Products;
			sourceTree = "<group>";
		};
		F3000010 /* CoreData */ = {
			isa = PBXGroup;
			children = (
				F2000010 /* PersistenceController.swift */,
				F2000011 /* Task+CoreDataClass.swift */,
				F2000012 /* Task+CoreDataProperties.swift */,
				F2000013 /* Project+CoreDataClass.swift */,
				F2000014 /* Project+CoreDataProperties.swift */,
				F2000015 /* Area+CoreDataClass.swift */,
				F2000016 /* Area+CoreDataProperties.swift */,
				F2000017 /* Tag+CoreDataClass.swift */,
				F2000018 /* Tag+CoreDataProperties.swift */,
				F2000019 /* Heading+CoreDataClass.swift */,
				F2000020 /* Heading+CoreDataProperties.swift */,
				F2000021 /* ChecklistItem+CoreDataClass.swift */,
				F2000022 /* ChecklistItem+CoreDataProperties.swift */,
				F2000070 /* TaskModel.xcdatamodeld */,
			);
			path = CoreData;
			sourceTree = "<group>";
		};
		F3000020 /* ViewModels */ = {
			isa = PBXGroup;
			children = (
				F2000030 /* TaskViewModel.swift */,
				F2000031 /* ProjectViewModel.swift */,
			);
			path = ViewModels;
			sourceTree = "<group>";
		};
		F3000030 /* Views */ = {
			isa = PBXGroup;
			children = (
				F2000040 /* InboxView.swift */,
				F2000041 /* TodayView.swift */,
				F2000042 /* UpcomingView.swift */,
				F2000043 /* AnytimeView.swift */,
				F2000044 /* SomedayView.swift */,
				F2000045 /* LogbookView.swift */,
				F2000046 /* TaskRow.swift */,
				F2000047 /* TaskEditView.swift */,
				F2000048 /* TaskDetailView.swift */,
				F2000049 /* ProjectsListView.swift */,
				F2000050 /* ProjectDetailView.swift */,
				F2000051 /* TagsView.swift */,
				F2000052 /* SearchView.swift */,
				F2000053 /* SettingsView.swift */,
			);
			path = Views;
			sourceTree = "<group>";
		};
		F3000040 /* Utilities */ = {
			isa = PBXGroup;
			children = (
				F2000060 /* AnimationHelpers.swift */,
			);
			path = Utilities;
			sourceTree = "<group>";
		};
/* End PBXGroup section */

/* Begin PBXNativeTarget section */
		F0000003 /* ThingsClone */ = {
			isa = PBXNativeTarget;
			buildConfigurationList = F0000004 /* Build configuration list for PBXNativeTarget "ThingsClone" */;
			buildPhases = (
				F0000005 /* Sources */,
				F0000002 /* Frameworks */,
				F0000006 /* Resources */,
			);
			buildRules = (
			);
			dependencies = (
			);
			name = ThingsClone;
			productName = ThingsClone;
			productReference = F0000001 /* ThingsClone.app */;
			productType = "com.apple.product-type.application";
		};
/* End PBXNativeTarget section */

/* Begin PBXProject section */
		F0000007 /* Project object */ = {
			isa = PBXProject;
			attributes = {
				BuildIndependentTargetsInParallel = 1;
				LastSwiftUpdateCheck = 1500;
				LastUpgradeCheck = 1500;
				TargetAttributes = {
					F0000003 = {
						CreatedOnToolsVersion = 15.0;
					};
				};
			};
			buildConfigurationList = F0000008 /* Build configuration list for PBXProject "ThingsClone" */;
			compatibilityVersion = "Xcode 14.0";
			developmentRegion = en;
			hasScannedForEncodings = 0;
			knownRegions = (
				en,
				Base,
			);
			mainGroup = F3000000;
			productRefGroup = F3000002 /* Products */;
			projectDirPath = "";
			projectRoot = "";
			targets = (
				F0000003 /* ThingsClone */,
			);
		};
/* End PBXProject section */

/* Begin PBXResourcesBuildPhase section */
		F0000006 /* Resources */ = {
			isa = PBXResourcesBuildPhase;
			buildActionMask = 2147483647;
			files = (
				F1000003 /* Assets.xcassets in Resources */,
			);
			runOnlyForDeploymentPostprocessing = 0;
		};
/* End PBXResourcesBuildPhase section */

/* Begin PBXSourcesBuildPhase section */
		F0000005 /* Sources */ = {
			isa = PBXSourcesBuildPhase;
			buildActionMask = 2147483647;
			files = (
				F1000001 /* ThingsCloneApp.swift in Sources */,
				F1000002 /* ContentView.swift in Sources */,
				F1000010 /* PersistenceController.swift in Sources */,
				F1000011 /* Task+CoreDataClass.swift in Sources */,
				F1000012 /* Task+CoreDataProperties.swift in Sources */,
				F1000013 /* Project+CoreDataClass.swift in Sources */,
				F1000014 /* Project+CoreDataProperties.swift in Sources */,
				F1000015 /* Area+CoreDataClass.swift in Sources */,
				F1000016 /* Area+CoreDataProperties.swift in Sources */,
				F1000017 /* Tag+CoreDataClass.swift in Sources */,
				F1000018 /* Tag+CoreDataProperties.swift in Sources */,
				F1000019 /* Heading+CoreDataClass.swift in Sources */,
				F1000020 /* Heading+CoreDataProperties.swift in Sources */,
				F1000021 /* ChecklistItem+CoreDataClass.swift in Sources */,
				F1000022 /* ChecklistItem+CoreDataProperties.swift in Sources */,
				F1000030 /* TaskViewModel.swift in Sources */,
				F1000031 /* ProjectViewModel.swift in Sources */,
				F1000040 /* InboxView.swift in Sources */,
				F1000041 /* TodayView.swift in Sources */,
				F1000042 /* UpcomingView.swift in Sources */,
				F1000043 /* AnytimeView.swift in Sources */,
				F1000044 /* SomedayView.swift in Sources */,
				F1000045 /* LogbookView.swift in Sources */,
				F1000046 /* TaskRow.swift in Sources */,
				F1000047 /* TaskEditView.swift in Sources */,
				F1000048 /* TaskDetailView.swift in Sources */,
				F1000049 /* ProjectsListView.swift in Sources */,
				F1000050 /* ProjectDetailView.swift in Sources */,
				F1000051 /* TagsView.swift in Sources */,
				F1000052 /* SearchView.swift in Sources */,
				F1000053 /* SettingsView.swift in Sources */,
				F1000060 /* AnimationHelpers.swift in Sources */,
				F1000070 /* TaskModel.xcdatamodeld in Sources */,
			);
			runOnlyForDeploymentPostprocessing = 0;
		};
/* End PBXSourcesBuildPhase section */

/* Begin XCBuildConfiguration section */
		F0000010 /* Debug */ = {
			isa = XCBuildConfiguration;
			buildSettings = {
				ALWAYS_SEARCH_USER_PATHS = NO;
				ASSETCATALOG_COMPILER_GENERATE_SWIFT_ASSET_SYMBOL_EXTENSIONS = YES;
				CLANG_ANALYZER_NONNULL = YES;
				CLANG_ANALYZER_NUMBER_OBJECT_CONVERSION = YES_AGGRESSIVE;
				CLANG_CXX_LANGUAGE_STANDARD = "gnu++20";
				CLANG_ENABLE_MODULES = YES;
				CLANG_ENABLE_OBJC_ARC = YES;
				CLANG_ENABLE_OBJC_WEAK = YES;
				CLANG_WARN_BLOCK_CAPTURE_AUTORELEASING = YES;
				CLANG_WARN_BOOL_CONVERSION = YES;
				CLANG_WARN_COMMA = YES;
				CLANG_WARN_CONSTANT_CONVERSION = YES;
				CLANG_WARN_DEPRECATED_OBJC_IMPLEMENTATIONS = YES;
				CLANG_WARN_DIRECT_OBJC_ISA_USAGE = YES_ERROR;
				CLANG_WARN_DOCUMENTATION_COMMENTS = YES;
				CLANG_WARN_EMPTY_BODY = YES;
				CLANG_WARN_ENUM_CONVERSION = YES;
				CLANG_WARN_INFINITE_RECURSION = YES;
				CLANG_WARN_INT_CONVERSION = YES;
				CLANG_WARN_NON_LITERAL_NULL_CONVERSION = YES;
				CLANG_WARN_OBJC_IMPLICIT_RETAIN_SELF = YES;
				CLANG_WARN_OBJC_LITERAL_CONVERSION = YES;
				CLANG_WARN_OBJC_ROOT_CLASS = YES_ERROR;
				CLANG_WARN_QUOTED_INCLUDE_IN_FRAMEWORK_HEADER = YES;
				CLANG_WARN_RANGE_LOOP_ANALYSIS = YES;
				CLANG_WARN_STRICT_PROTOTYPES = YES;
				CLANG_WARN_SUSPICIOUS_MOVE = YES;
				CLANG_WARN_UNGUARDED_AVAILABILITY = YES_AGGRESSIVE;
				CLANG_WARN_UNREACHABLE_CODE = YES;
				CLANG_WARN__DUPLICATE_METHOD_MATCH = YES;
				COPY_PHASE_STRIP = NO;
				DEBUG_INFORMATION_FORMAT = dwarf;
				ENABLE_STRICT_OBJC_MSGSEND = YES;
				ENABLE_TESTABILITY = YES;
				ENABLE_USER_SCRIPT_SANDBOXING = YES;
				GCC_C_LANGUAGE_STANDARD = gnu17;
				GCC_DYNAMIC_NO_PIC = NO;
				GCC_NO_COMMON_BLOCKS = YES;
				GCC_OPTIMIZATION_LEVEL = 0;
				GCC_PREPROCESSOR_DEFINITIONS = (
					"DEBUG=1",
					"$(inherited)",
				);
				GCC_WARN_64_TO_32_BIT_CONVERSION = YES;
				GCC_WARN_ABOUT_RETURN_TYPE = YES_ERROR;
				GCC_WARN_UNDECLARED_SELECTOR = YES;
				GCC_WARN_UNINITIALIZED_AUTOS = YES_AGGRESSIVE;
				GCC_WARN_UNUSED_FUNCTION = YES;
				GCC_WARN_UNUSED_VARIABLE = YES;
				IPHONEOS_DEPLOYMENT_TARGET = 17.0;
				LOCALIZATION_PREFERS_STRING_CATALOGS = YES;
				MTL_ENABLE_DEBUG_INFO = INCLUDE_SOURCE;
				MTL_FAST_MATH = YES;
				ONLY_ACTIVE_ARCH = YES;
				SDKROOT = iphoneos;
				SWIFT_ACTIVE_COMPILATION_CONDITIONS = "DEBUG $(inherited)";
				SWIFT_OPTIMIZATION_LEVEL = "-Onone";
			};
			name = Debug;
		};
		F0000011 /* Release */ = {
			isa = XCBuildConfiguration;
			buildSettings = {
				ALWAYS_SEARCH_USER_PATHS = NO;
				ASSETCATALOG_COMPILER_GENERATE_SWIFT_ASSET_SYMBOL_EXTENSIONS = YES;
				CLANG_ANALYZER_NONNULL = YES;
				CLANG_ANALYZER_NUMBER_OBJECT_CONVERSION = YES_AGGRESSIVE;
				CLANG_CXX_LANGUAGE_STANDARD = "gnu++20";
				CLANG_ENABLE_MODULES = YES;
				CLANG_ENABLE_OBJC_ARC = YES;
				CLANG_ENABLE_OBJC_WEAK = YES;
				CLANG_WARN_BLOCK_CAPTURE_AUTORELEASING = YES;
				CLANG_WARN_BOOL_CONVERSION = YES;
				CLANG_WARN_COMMA = YES;
				CLANG_WARN_CONSTANT_CONVERSION = YES;
				CLANG_WARN_DEPRECATED_OBJC_IMPLEMENTATIONS = YES;
				CLANG_WARN_DIRECT_OBJC_ISA_USAGE = YES_ERROR;
				CLANG_WARN_DOCUMENTATION_COMMENTS = YES;
				CLANG_WARN_EMPTY_BODY = YES;
				CLANG_WARN_ENUM_CONVERSION = YES;
				CLANG_WARN_INFINITE_RECURSION = YES;
				CLANG_WARN_INT_CONVERSION = YES;
				CLANG_WARN_NON_LITERAL_NULL_CONVERSION = YES;
				CLANG_WARN_OBJC_IMPLICIT_RETAIN_SELF = YES;
				CLANG_WARN_OBJC_LITERAL_CONVERSION = YES;
				CLANG_WARN_OBJC_ROOT_CLASS = YES_ERROR;
				CLANG_WARN_QUOTED_INCLUDE_IN_FRAMEWORK_HEADER = YES;
				CLANG_WARN_RANGE_LOOP_ANALYSIS = YES;
				CLANG_WARN_STRICT_PROTOTYPES = YES;
				CLANG_WARN_SUSPICIOUS_MOVE = YES;
				CLANG_WARN_UNGUARDED_AVAILABILITY = YES_AGGRESSIVE;
				CLANG_WARN_UNREACHABLE_CODE = YES;
				CLANG_WARN__DUPLICATE_METHOD_MATCH = YES;
				COPY_PHASE_STRIP = NO;
				DEBUG_INFORMATION_FORMAT = "dwarf-with-dsym";
				ENABLE_NS_ASSERTIONS = NO;
				ENABLE_STRICT_OBJC_MSGSEND = YES;
				ENABLE_USER_SCRIPT_SANDBOXING = YES;
				GCC_C_LANGUAGE_STANDARD = gnu17;
				GCC_NO_COMMON_BLOCKS = YES;
				GCC_WARN_64_TO_32_BIT_CONVERSION = YES;
				GCC_WARN_ABOUT_RETURN_TYPE = YES_ERROR;
				GCC_WARN_UNDECLARED_SELECTOR = YES;
				GCC_WARN_UNINITIALIZED_AUTOS = YES_AGGRESSIVE;
				GCC_WARN_UNUSED_FUNCTION = YES;
				GCC_WARN_UNUSED_VARIABLE = YES;
				IPHONEOS_DEPLOYMENT_TARGET = 17.0;
				LOCALIZATION_PREFERS_STRING_CATALOGS = YES;
				MTL_ENABLE_DEBUG_INFO = NO;
				MTL_FAST_MATH = YES;
				SDKROOT = iphoneos;
				SWIFT_COMPILATION_MODE = wholemodule;
				VALIDATE_PRODUCT = YES;
			};
			name = Release;
		};
		F0000012 /* Debug */ = {
			isa = XCBuildConfiguration;
			buildSettings = {
				ASSETCATALOG_COMPILER_APPICON_NAME = AppIcon;
				ASSETCATALOG_COMPILER_GLOBAL_ACCENT_COLOR_NAME = AccentColor;
				CODE_SIGN_STYLE = Automatic;
				CURRENT_PROJECT_VERSION = 1;
				DEVELOPMENT_ASSET_PATHS = "";
				ENABLE_PREVIEWS = YES;
				GENERATE_INFOPLIST_FILE = YES;
				INFOPLIST_KEY_UIApplicationSceneManifest_Generation = YES;
				INFOPLIST_KEY_UIApplicationSupportsIndirectInputEvents = YES;
				INFOPLIST_KEY_UILaunchScreen_Generation = YES;
				INFOPLIST_KEY_UISupportedInterfaceOrientations = UIInterfaceOrientationPortrait;
				INFOPLIST_KEY_UISupportedInterfaceOrientations_iPad = "UIInterfaceOrientationPortrait UIInterfaceOrientationPortraitUpsideDown UIInterfaceOrientationLandscapeLeft UIInterfaceOrientationLandscapeRight";
				LD_RUNPATH_SEARCH_PATHS = (
					"$(inherited)",
					"@executable_path/Frameworks",
				);
				MARKETING_VERSION = 1.0;
				PRODUCT_BUNDLE_IDENTIFIER = com.thingsclone.app;
				PRODUCT_NAME = "$(TARGET_NAME)";
				SWIFT_EMIT_LOC_STRINGS = YES;
				SWIFT_VERSION = 5.0;
				TARGETED_DEVICE_FAMILY = "1,2";
			};
			name = Debug;
		};
		F0000013 /* Release */ = {
			isa = XCBuildConfiguration;
			buildSettings = {
				ASSETCATALOG_COMPILER_APPICON_NAME = AppIcon;
				ASSETCATALOG_COMPILER_GLOBAL_ACCENT_COLOR_NAME = AccentColor;
				CODE_SIGN_STYLE = Automatic;
				CURRENT_PROJECT_VERSION = 1;
				DEVELOPMENT_ASSET_PATHS = "";
				ENABLE_PREVIEWS = YES;
				GENERATE_INFOPLIST_FILE = YES;
				INFOPLIST_KEY_UIApplicationSceneManifest_Generation = YES;
				INFOPLIST_KEY_UIApplicationSupportsIndirectInputEvents = YES;
				INFOPLIST_KEY_UILaunchScreen_Generation = YES;
				INFOPLIST_KEY_UISupportedInterfaceOrientations = UIInterfaceOrientationPortrait;
				INFOPLIST_KEY_UISupportedInterfaceOrientations_iPad = "UIInterfaceOrientationPortrait UIInterfaceOrientationPortraitUpsideDown UIInterfaceOrientationLandscapeLeft UIInterfaceOrientationLandscapeRight";
				LD_RUNPATH_SEARCH_PATHS = (
					"$(inherited)",
					"@executable_path/Frameworks",
				);
				MARKETING_VERSION = 1.0;
				PRODUCT_BUNDLE_IDENTIFIER = com.thingsclone.app;
				PRODUCT_NAME = "$(TARGET_NAME)";
				SWIFT_EMIT_LOC_STRINGS = YES;
				SWIFT_VERSION = 5.0;
				TARGETED_DEVICE_FAMILY = "1,2";
			};
			name = Release;
		};
/* End XCBuildConfiguration section */

/* Begin XCConfigurationList section */
		F0000008 /* Build configuration list for PBXProject "ThingsClone" */ = {
			isa = XCConfigurationList;
			buildConfigurations = (
				F0000010 /* Debug */,
				F0000011 /* Release */,
			);
			defaultConfigurationIsVisible = 0;
			defaultConfigurationName = Release;
		};
		F0000004 /* Build configuration list for PBXNativeTarget "ThingsClone" */ = {
			isa = XCConfigurationList;
			buildConfigurations = (
				F0000012 /* Debug */,
				F0000013 /* Release */,
			);
			defaultConfigurationIsVisible = 0;
			defaultConfigurationName = Release;
		};
/* End XCConfigurationList section */

/* Begin XCVersionGroup section */
		F2000070 /* TaskModel.xcdatamodeld */ = {
			isa = XCVersionGroup;
			children = (
				F2000071 /* TaskModel.xcdatamodel */,
			);
			currentVersion = F2000071 /* TaskModel.xcdatamodel */;
			path = TaskModel.xcdatamodeld;
			sourceTree = "<group>";
			versionGroupType = wrapper.xcdatamodel;
		};
		F2000071 /* TaskModel.xcdatamodel */ = {isa = PBXFileReference; lastKnownFileType = wrapper.xcdatamodel; path = TaskModel.xcdatamodel; sourceTree = "<group>"; };
/* End XCVersionGroup section */
	};
	rootObject = F0000007 /* Project object */;
}
